# THIS IS AN AUTOGENERATED FILE. DO NOT EDIT THIS FILE DIRECTLY.
# yarn lockfile v1


"@biomejs/biome@^1.8.0":
  version "1.8.0"
  resolved "https://registry.yarnpkg.com/@biomejs/biome/-/biome-1.8.0.tgz#393f4c530582509938d58c3856b5a50179254df8"
  integrity sha512-34xcE2z8GWrIz1sCFEmlHT/+4d+SN7YOqqvzlAKXKvaWPRJ2/NUwxPbRsP01P9QODkQ5bvGvc9rpBihmP+7RJQ==
  optionalDependencies:
    "@biomejs/cli-darwin-arm64" "1.8.0"
    "@biomejs/cli-darwin-x64" "1.8.0"
    "@biomejs/cli-linux-arm64" "1.8.0"
    "@biomejs/cli-linux-arm64-musl" "1.8.0"
    "@biomejs/cli-linux-x64" "1.8.0"
    "@biomejs/cli-linux-x64-musl" "1.8.0"
    "@biomejs/cli-win32-arm64" "1.8.0"
    "@biomejs/cli-win32-x64" "1.8.0"

"@biomejs/cli-darwin-arm64@1.8.0":
  version "1.8.0"
  resolved "https://registry.yarnpkg.com/@biomejs/cli-darwin-arm64/-/cli-darwin-arm64-1.8.0.tgz#b3eb9644b5bbb393e993ac5acc9570ef21907380"
  integrity sha512-dBAYzfIJ1JmWigKlWourT3sJ3I60LZPjqNwwlsyFjiv5AV7vPeWlHVVIImV2BpINwNjZQhpXnwDfVnGS4vr7AA==

"@biomejs/cli-darwin-x64@1.8.0":
  version "1.8.0"
  resolved "https://registry.yarnpkg.com/@biomejs/cli-darwin-x64/-/cli-darwin-x64-1.8.0.tgz#a31eada9b57cf33cb9655593b1df2b5ff2d4f092"
  integrity sha512-ZTTSD0bP0nn9UpRDGQrQNTILcYSj+IkxTYr3CAV64DWBDtQBomlk2oVKWzDaA1LOhpAsTh0giLCbPJaVk2jfMQ==

"@biomejs/cli-linux-arm64-musl@1.8.0":
  version "1.8.0"
  resolved "https://registry.yarnpkg.com/@biomejs/cli-linux-arm64-musl/-/cli-linux-arm64-musl-1.8.0.tgz#ca66b8635f8f55f320e247a5febed8bb56dc3b91"
  integrity sha512-+ee/pZWsvhDv6eRI00krRNSgAg8DKSxzOv3LUsCjto6N1VzqatTASeQv2HRfG1nitf79rRKM75LkMJbqEfiKww==

"@biomejs/cli-linux-arm64@1.8.0":
  version "1.8.0"
  resolved "https://registry.yarnpkg.com/@biomejs/cli-linux-arm64/-/cli-linux-arm64-1.8.0.tgz#147ab4d9bcfb4cc1baee90a367acf0fef5c42649"
  integrity sha512-cx725jTlJS6dskvJJwwCQaaMRBKE2Qss7ukzmx27Rn/DXRxz6tnnBix4FUGPf1uZfwrERkiJlbWM05JWzpvvXg==

"@biomejs/cli-linux-x64-musl@1.8.0":
  version "1.8.0"
  resolved "https://registry.yarnpkg.com/@biomejs/cli-linux-x64-musl/-/cli-linux-x64-musl-1.8.0.tgz#4c80358c178327fccee660f0cebcc7a78c20bcb0"
  integrity sha512-VPA4ocrAOak50VYl8gOAVnjuFFDpIUolShntc/aWM0pZfSIMbRucxnrfUfp44EVwayxjK6ruJTR5xEWj93WvDA==

"@biomejs/cli-linux-x64@1.8.0":
  version "1.8.0"
  resolved "https://registry.yarnpkg.com/@biomejs/cli-linux-x64/-/cli-linux-x64-1.8.0.tgz#de1ab7649324c72b74e16c5234ef6191a8bc34fd"
  integrity sha512-cmgmhlD4QUxMhL1VdaNqnB81xBHb3R7huVNyYnPYzP+AykZ7XqJbPd1KcWAszNjUk2AHdx0aLKEBwCOWemxb2g==

"@biomejs/cli-win32-arm64@1.8.0":
  version "1.8.0"
  resolved "https://registry.yarnpkg.com/@biomejs/cli-win32-arm64/-/cli-win32-arm64-1.8.0.tgz#1527e7bbcf9abd27302225591ef150da1656393a"
  integrity sha512-J31spvlh39FfRHQacYXxJX9PvTCH/a8+2Jx9D1lxw+LSF0JybqZcw/4JrlFUWUl4kF3yv8AuYUK0sENScc3g9w==

"@biomejs/cli-win32-x64@1.8.0":
  version "1.8.0"
  resolved "https://registry.yarnpkg.com/@biomejs/cli-win32-x64/-/cli-win32-x64-1.8.0.tgz#d566d6d27ba262691eaac7c54b7a41560d390130"
  integrity sha512-uPHHvu76JC1zYe9zZDcOU9PAg+1MZmPuNgWkb5jljaDeATvzLFPB+0nuJTilf603LXL+E8IdPQAO61Wy2VuEJA==
